
Microsoft Visual Studio Solution File, Format Version 12.00
# Visual Studio Version 16
VisualStudioVersion = 16.0.31025.194
MinimumVisualStudioVersion = 10.0.40219.1
Project("{9A19103F-16F7-4668-BE54-9A1E7A4F7556}") = "TrendyolOrderService", "TrendyolOrderService.csproj", "{EF348F87-0325-4A79-AE12-3AB537C53BC0}"
EndProject
Global
	GlobalSection(SolutionConfigurationPlatforms) = preSolution
		Debug|Any CPU = Debug|Any CPU
		Release|Any CPU = Release|Any CPU
	EndGlobalSection
	GlobalSection(ProjectConfigurationPlatforms) = postSolution
		{EF348F87-0325-4A79-AE12-3AB537C53BC0}.Debug|Any CPU.ActiveCfg = Debug|Any CPU
		{EF348F87-0325-4A79-AE12-3AB537C53BC0}.Debug|Any CPU.Build.0 = Debug|Any CPU
		{EF348F87-0325-4A79-AE12-3AB537C53BC0}.Release|Any CPU.ActiveCfg = Release|Any CPU
		{EF348F87-0325-4A79-AE12-3AB537C53BC0}.Release|Any CPU.Build.0 = Release|Any CPU
	EndGlobalSection
	GlobalSection(SolutionProperties) = preSolution
		HideSolutionNode = FALSE
	EndGlobalSection
	GlobalSection(ExtensibilityGlobals) = postSolution
		SolutionGuid = {F312F494-16B3-4969-AEC7-738E855B3489}
	EndGlobalSection
EndGlobal
